
Microsoft Visual Studio Solution File, Format Version 12.00
Project("{FAE04EC0-301F-11D3-BF4B-00C04F79EFBC}") = "PodLoad.Common", "PodLoad.Common\PodLoad.Common.csproj", "{C0F81CFC-032E-414C-91BA-BAF62036AC58}"
EndProject
Project("{2150E333-8FDC-42A3-9474-1A3956D46DE8}") = "Solution Items", "Solution Items", "{0123D677-6800-49A8-AE48-8246F6753BD0}"
	ProjectSection(SolutionItems) = preProject
		.dockerignore = .dockerignore
		compose.yaml = compose.yaml
		..\.gitignore = ..\.gitignore
		.env = .env
	EndProjectSection
EndProject
Project("{FAE04EC0-301F-11D3-BF4B-00C04F79EFBC}") = "PodLoad.Server", "PodLoad.Server\PodLoad.Server.csproj", "{594D1544-72AB-4D8D-9282-7EDF6FAB039F}"
EndProject
Project("{FAE04EC0-301F-11D3-BF4B-00C04F79EFBC}") = "PodLoad.Client", "PodLoad.Client\PodLoad.Client.csproj", "{1E946C1D-DB86-4813-A379-08964CB5D68C}"
EndProject
Global
	GlobalSection(SolutionConfigurationPlatforms) = preSolution
		Debug|Any CPU = Debug|Any CPU
		Release|Any CPU = Release|Any CPU
	EndGlobalSection
	GlobalSection(ProjectConfigurationPlatforms) = postSolution
		{C0F81CFC-032E-414C-91BA-BAF62036AC58}.Debug|Any CPU.ActiveCfg = Debug|Any CPU
		{C0F81CFC-032E-414C-91BA-BAF62036AC58}.Debug|Any CPU.Build.0 = Debug|Any CPU
		{C0F81CFC-032E-414C-91BA-BAF62036AC58}.Release|Any CPU.ActiveCfg = Release|Any CPU
		{C0F81CFC-032E-414C-91BA-BAF62036AC58}.Release|Any CPU.Build.0 = Release|Any CPU
		{594D1544-72AB-4D8D-9282-7EDF6FAB039F}.Debug|Any CPU.ActiveCfg = Debug|Any CPU
		{594D1544-72AB-4D8D-9282-7EDF6FAB039F}.Debug|Any CPU.Build.0 = Debug|Any CPU
		{594D1544-72AB-4D8D-9282-7EDF6FAB039F}.Release|Any CPU.ActiveCfg = Release|Any CPU
		{594D1544-72AB-4D8D-9282-7EDF6FAB039F}.Release|Any CPU.Build.0 = Release|Any CPU
		{1E946C1D-DB86-4813-A379-08964CB5D68C}.Debug|Any CPU.ActiveCfg = Debug|Any CPU
		{1E946C1D-DB86-4813-A379-08964CB5D68C}.Debug|Any CPU.Build.0 = Debug|Any CPU
		{1E946C1D-DB86-4813-A379-08964CB5D68C}.Release|Any CPU.ActiveCfg = Release|Any CPU
		{1E946C1D-DB86-4813-A379-08964CB5D68C}.Release|Any CPU.Build.0 = Release|Any CPU
	EndGlobalSection
EndGlobal
